# This file is automatically generated.
# It is not intended for manual editing.
version = 1

[[packages]]
name = "theater:simple"
registry = "wa.dev"

[[packages.versions]]
requirement = "*"
version = "0.1.2"
digest = "sha256:ee555a2c351223c73fb34247b4bb82b29d80497fbff67c5cc4eed2d5548c1599"

[[packages]]
name = "wasi:random"
registry = "wa.dev"

[[packages.versions]]
requirement = "=0.2.0"
version = "0.2.0"
digest = "sha256:5d535edc544d06719cf337861b7917c3d565360295e5dc424046dceddb0a0e42"
